
Microsoft Visual Studio Solution File, Format Version 12.00
# Visual Studio 14
VisualStudioVersion = 14.0.25420.1
MinimumVisualStudioVersion = 10.0.40219.1
Project("{FAE04EC0-301F-11D3-BF4B-00C04F79EFBC}") = "App2", "App2\App2.csproj", "{EB8A7FC4-E00C-4378-B4F3-F9FBB75C0CDA}"
EndProject
Global
	GlobalSection(SolutionConfigurationPlatforms) = preSolution
		Debug|ARM = Debug|ARM
		Debug|x64 = Debug|x64
		Debug|x86 = Debug|x86
		Release|ARM = Release|ARM
		Release|x64 = Release|x64
		Release|x86 = Release|x86
	EndGlobalSection
	GlobalSection(ProjectConfigurationPlatforms) = postSolution
		{EB8A7FC4-E00C-4378-B4F3-F9FBB75C0CDA}.Debug|ARM.ActiveCfg = Debug|ARM
		{EB8A7FC4-E00C-4378-B4F3-F9FBB75C0CDA}.Debug|ARM.Build.0 = Debug|ARM
		{EB8A7FC4-E00C-4378-B4F3-F9FBB75C0CDA}.Debug|ARM.Deploy.0 = Debug|ARM
		{EB8A7FC4-E00C-4378-B4F3-F9FBB75C0CDA}.Debug|x64.ActiveCfg = Debug|x64
		{EB8A7FC4-E00C-4378-B4F3-F9FBB75C0CDA}.Debug|x64.Build.0 = Debug|x64
		{EB8A7FC4-E00C-4378-B4F3-F9FBB75C0CDA}.Debug|x64.Deploy.0 = Debug|x64
		{EB8A7FC4-E00C-4378-B4F3-F9FBB75C0CDA}.Debug|x86.ActiveCfg = Debug|x86
		{EB8A7FC4-E00C-4378-B4F3-F9FBB75C0CDA}.Debug|x86.Build.0 = Debug|x86
		{EB8A7FC4-E00C-4378-B4F3-F9FBB75C0CDA}.Debug|x86.Deploy.0 = Debug|x86
		{EB8A7FC4-E00C-4378-B4F3-F9FBB75C0CDA}.Release|ARM.ActiveCfg = Release|ARM
		{EB8A7FC4-E00C-4378-B4F3-F9FBB75C0CDA}.Release|ARM.Build.0 = Release|ARM
		{EB8A7FC4-E00C-4378-B4F3-F9FBB75C0CDA}.Release|ARM.Deploy.0 = Release|ARM
		{EB8A7FC4-E00C-4378-B4F3-F9FBB75C0CDA}.Release|x64.ActiveCfg = Release|x64
		{EB8A7FC4-E00C-4378-B4F3-F9FBB75C0CDA}.Release|x64.Build.0 = Release|x64
		{EB8A7FC4-E00C-4378-B4F3-F9FBB75C0CDA}.Release|x64.Deploy.0 = Release|x64
		{EB8A7FC4-E00C-4378-B4F3-F9FBB75C0CDA}.Release|x86.ActiveCfg = Release|x86
		{EB8A7FC4-E00C-4378-B4F3-F9FBB75C0CDA}.Release|x86.Build.0 = Release|x86
		{EB8A7FC4-E00C-4378-B4F3-F9FBB75C0CDA}.Release|x86.Deploy.0 = Release|x86
	EndGlobalSection
	GlobalSection(SolutionProperties) = preSolution
		HideSolutionNode = FALSE
	EndGlobalSection
EndGlobal
